
Microsoft Visual Studio Solution File, Format Version 12.00
# Visual Studio Version 16
VisualStudioVersion = 16.0.29728.190
MinimumVisualStudioVersion = 10.0.40219.1
Project("{FAE04EC0-301F-11D3-BF4B-00C04F79EFBC}") = "ExpenseManager.Android", "ExpenseManager\ExpenseManager.Android\ExpenseManager.Android.csproj", "{9BAB3D7C-B574-446A-A2CC-210D0713619C}"
EndProject
Project("{FAE04EC0-301F-11D3-BF4B-00C04F79EFBC}") = "ExpenseManager.iOS", "ExpenseManager\ExpenseManager.iOS\ExpenseManager.iOS.csproj", "{D0360B01-8B3F-447F-9312-673638FBCC90}"
EndProject
Project("{9A19103F-16F7-4668-BE54-9A1E7A4F7556}") = "ExpenseManager", "ExpenseManager\ExpenseManager\ExpenseManager.csproj", "{EAFAEDF4-FE2C-4382-9FF4-D64C10E031FC}"
EndProject
Project("{FAE04EC0-301F-11D3-BF4B-00C04F79EFBC}") = "ExpensiveManagerTest", "ExpensiveManagerTest\ExpensiveManagerTest.csproj", "{35F959BE-A33B-418A-BBF2-87084D258505}"
EndProject
Global
	GlobalSection(SolutionConfigurationPlatforms) = preSolution
		Debug|Any CPU = Debug|Any CPU
		Debug|iPhone = Debug|iPhone
		Debug|iPhoneSimulator = Debug|iPhoneSimulator
		Release|Any CPU = Release|Any CPU
		Release|iPhone = Release|iPhone
		Release|iPhoneSimulator = Release|iPhoneSimulator
	EndGlobalSection
	GlobalSection(ProjectConfigurationPlatforms) = postSolution
		{9BAB3D7C-B574-446A-A2CC-210D0713619C}.Debug|Any CPU.ActiveCfg = Debug|Any CPU
		{9BAB3D7C-B574-446A-A2CC-210D0713619C}.Debug|Any CPU.Build.0 = Debug|Any CPU
		{9BAB3D7C-B574-446A-A2CC-210D0713619C}.Debug|Any CPU.Deploy.0 = Debug|Any CPU
		{9BAB3D7C-B574-446A-A2CC-210D0713619C}.Debug|iPhone.ActiveCfg = Debug|Any CPU
		{9BAB3D7C-B574-446A-A2CC-210D0713619C}.Debug|iPhone.Build.0 = Debug|Any CPU
		{9BAB3D7C-B574-446A-A2CC-210D0713619C}.Debug|iPhone.Deploy.0 = Debug|Any CPU
		{9BAB3D7C-B574-446A-A2CC-210D0713619C}.Debug|iPhoneSimulator.ActiveCfg = Debug|Any CPU
		{9BAB3D7C-B574-446A-A2CC-210D0713619C}.Debug|iPhoneSimulator.Build.0 = Debug|Any CPU
		{9BAB3D7C-B574-446A-A2CC-210D0713619C}.Debug|iPhoneSimulator.Deploy.0 = Debug|Any CPU
		{9BAB3D7C-B574-446A-A2CC-210D0713619C}.Release|Any CPU.ActiveCfg = Release|Any CPU
		{9BAB3D7C-B574-446A-A2CC-210D0713619C}.Release|Any CPU.Build.0 = Release|Any CPU
		{9BAB3D7C-B574-446A-A2CC-210D0713619C}.Release|Any CPU.Deploy.0 = Release|Any CPU
		{9BAB3D7C-B574-446A-A2CC-210D0713619C}.Release|iPhone.ActiveCfg = Release|Any CPU
		{9BAB3D7C-B574-446A-A2CC-210D0713619C}.Release|iPhone.Build.0 = Release|Any CPU
		{9BAB3D7C-B574-446A-A2CC-210D0713619C}.Release|iPhone.Deploy.0 = Release|Any CPU
		{9BAB3D7C-B574-446A-A2CC-210D0713619C}.Release|iPhoneSimulator.ActiveCfg = Release|Any CPU
		{9BAB3D7C-B574-446A-A2CC-210D0713619C}.Release|iPhoneSimulator.Build.0 = Release|Any CPU
		{9BAB3D7C-B574-446A-A2CC-210D0713619C}.Release|iPhoneSimulator.Deploy.0 = Release|Any CPU
		{D0360B01-8B3F-447F-9312-673638FBCC90}.Debug|Any CPU.ActiveCfg = Debug|iPhoneSimulator
		{D0360B01-8B3F-447F-9312-673638FBCC90}.Debug|Any CPU.Build.0 = Debug|iPhoneSimulator
		{D0360B01-8B3F-447F-9312-673638FBCC90}.Debug|Any CPU.Deploy.0 = Debug|iPhoneSimulator
		{D0360B01-8B3F-447F-9312-673638FBCC90}.Debug|iPhone.ActiveCfg = Debug|iPhone
		{D0360B01-8B3F-447F-9312-673638FBCC90}.Debug|iPhone.Build.0 = Debug|iPhone
		{D0360B01-8B3F-447F-9312-673638FBCC90}.Debug|iPhone.Deploy.0 = Debug|iPhone
		{D0360B01-8B3F-447F-9312-673638FBCC90}.Debug|iPhoneSimulator.ActiveCfg = Debug|iPhoneSimulator
		{D0360B01-8B3F-447F-9312-673638FBCC90}.Debug|iPhoneSimulator.Build.0 = Debug|iPhoneSimulator
		{D0360B01-8B3F-447F-9312-673638FBCC90}.Debug|iPhoneSimulator.Deploy.0 = Debug|iPhoneSimulator
		{D0360B01-8B3F-447F-9312-673638FBCC90}.Release|Any CPU.ActiveCfg = Release|iPhone
		{D0360B01-8B3F-447F-9312-673638FBCC90}.Release|Any CPU.Build.0 = Release|iPhone
		{D0360B01-8B3F-447F-9312-673638FBCC90}.Release|Any CPU.Deploy.0 = Release|iPhone
		{D0360B01-8B3F-447F-9312-673638FBCC90}.Release|iPhone.ActiveCfg = Release|iPhone
		{D0360B01-8B3F-447F-9312-673638FBCC90}.Release|iPhone.Build.0 = Release|iPhone
		{D0360B01-8B3F-447F-9312-673638FBCC90}.Release|iPhone.Deploy.0 = Release|iPhone
		{D0360B01-8B3F-447F-9312-673638FBCC90}.Release|iPhoneSimulator.ActiveCfg = Release|iPhoneSimulator
		{D0360B01-8B3F-447F-9312-673638FBCC90}.Release|iPhoneSimulator.Build.0 = Release|iPhoneSimulator
		{D0360B01-8B3F-447F-9312-673638FBCC90}.Release|iPhoneSimulator.Deploy.0 = Release|iPhoneSimulator
		{EAFAEDF4-FE2C-4382-9FF4-D64C10E031FC}.Debug|Any CPU.ActiveCfg = Debug|Any CPU
		{EAFAEDF4-FE2C-4382-9FF4-D64C10E031FC}.Debug|Any CPU.Build.0 = Debug|Any CPU
		{EAFAEDF4-FE2C-4382-9FF4-D64C10E031FC}.Debug|Any CPU.Deploy.0 = Debug|Any CPU
		{EAFAEDF4-FE2C-4382-9FF4-D64C10E031FC}.Debug|iPhone.ActiveCfg = Debug|Any CPU
		{EAFAEDF4-FE2C-4382-9FF4-D64C10E031FC}.Debug|iPhone.Build.0 = Debug|Any CPU
		{EAFAEDF4-FE2C-4382-9FF4-D64C10E031FC}.Debug|iPhone.Deploy.0 = Debug|Any CPU
		{EAFAEDF4-FE2C-4382-9FF4-D64C10E031FC}.Debug|iPhoneSimulator.ActiveCfg = Debug|Any CPU
		{EAFAEDF4-FE2C-4382-9FF4-D64C10E031FC}.Debug|iPhoneSimulator.Build.0 = Debug|Any CPU
		{EAFAEDF4-FE2C-4382-9FF4-D64C10E031FC}.Debug|iPhoneSimulator.Deploy.0 = Debug|Any CPU
		{EAFAEDF4-FE2C-4382-9FF4-D64C10E031FC}.Release|Any CPU.ActiveCfg = Release|Any CPU
		{EAFAEDF4-FE2C-4382-9FF4-D64C10E031FC}.Release|Any CPU.Build.0 = Release|Any CPU
		{EAFAEDF4-FE2C-4382-9FF4-D64C10E031FC}.Release|Any CPU.Deploy.0 = Release|Any CPU
		{EAFAEDF4-FE2C-4382-9FF4-D64C10E031FC}.Release|iPhone.ActiveCfg = Release|Any CPU
		{EAFAEDF4-FE2C-4382-9FF4-D64C10E031FC}.Release|iPhone.Build.0 = Release|Any CPU
		{EAFAEDF4-FE2C-4382-9FF4-D64C10E031FC}.Release|iPhone.Deploy.0 = Release|Any CPU
		{EAFAEDF4-FE2C-4382-9FF4-D64C10E031FC}.Release|iPhoneSimulator.ActiveCfg = Release|Any CPU
		{EAFAEDF4-FE2C-4382-9FF4-D64C10E031FC}.Release|iPhoneSimulator.Build.0 = Release|Any CPU
		{EAFAEDF4-FE2C-4382-9FF4-D64C10E031FC}.Release|iPhoneSimulator.Deploy.0 = Release|Any CPU
		{35F959BE-A33B-418A-BBF2-87084D258505}.Debug|Any CPU.ActiveCfg = Debug|Any CPU
		{35F959BE-A33B-418A-BBF2-87084D258505}.Debug|Any CPU.Build.0 = Debug|Any CPU
		{35F959BE-A33B-418A-BBF2-87084D258505}.Debug|iPhone.ActiveCfg = Debug|Any CPU
		{35F959BE-A33B-418A-BBF2-87084D258505}.Debug|iPhone.Build.0 = Debug|Any CPU
		{35F959BE-A33B-418A-BBF2-87084D258505}.Debug|iPhoneSimulator.ActiveCfg = Debug|Any CPU
		{35F959BE-A33B-418A-BBF2-87084D258505}.Debug|iPhoneSimulator.Build.0 = Debug|Any CPU
		{35F959BE-A33B-418A-BBF2-87084D258505}.Release|Any CPU.ActiveCfg = Release|Any CPU
		{35F959BE-A33B-418A-BBF2-87084D258505}.Release|Any CPU.Build.0 = Release|Any CPU
		{35F959BE-A33B-418A-BBF2-87084D258505}.Release|iPhone.ActiveCfg = Release|Any CPU
		{35F959BE-A33B-418A-BBF2-87084D258505}.Release|iPhone.Build.0 = Release|Any CPU
		{35F959BE-A33B-418A-BBF2-87084D258505}.Release|iPhoneSimulator.ActiveCfg = Release|Any CPU
		{35F959BE-A33B-418A-BBF2-87084D258505}.Release|iPhoneSimulator.Build.0 = Release|Any CPU
	EndGlobalSection
	GlobalSection(SolutionProperties) = preSolution
		HideSolutionNode = FALSE
	EndGlobalSection
	GlobalSection(ExtensibilityGlobals) = postSolution
		SolutionGuid = {F16570B4-4A88-4080-9CCC-B8F0F76158F3}
	EndGlobalSection
EndGlobal
